lockfileVersion: '9.0'

settings:
  autoInstallPeers: true
  excludeLinksFromLockfile: false

importers:

  .:
    devDependencies:
      '@cloudflare/workers-types':
        specifier: ^4.20240701.0
        version: 4.20240701.0

packages:

  '@cloudflare/workers-types@4.20240701.0':
    resolution: {integrity: sha512-6Cu6NIAicmb8H6CkzFdQG5Ib+TDs9HU8AKQEGlxnbvEBDmhUNpmL30ETXpLS0asdeyc+rTb2xag0hSv0Z1BflQ==}

snapshots:

  '@cloudflare/workers-types@4.20240701.0': {}
