lockfileVersion: '9.0'

settings:
  autoInstallPeers: true
  excludeLinksFromLockfile: false

importers:

  .:
    devDependencies:
      '@cloudflare/workers-types':
        specifier: ^4.20240919.0
        version: 4.20240919.0

packages:

  '@cloudflare/workers-types@4.20240919.0':
    resolution: {integrity: sha512-DZwTpZVAV+fKTLxo6ntC2zMNRL/UJwvtMKUt/U7ZyJdR+t0qcBUZGx8jLi9gOFWYxkzO3s7slajwkR2hQRPXYQ==}

snapshots:

  '@cloudflare/workers-types@4.20240919.0': {}
